
Microsoft Visual Studio Solution File, Format Version 12.00
# Visual Studio Version 17
VisualStudioVersion = 17.9.34728.123
MinimumVisualStudioVersion = 10.0.40219.1
Project("{FAE04EC0-301F-11D3-BF4B-00C04F79EFBC}") = "xTuner", "xTuner\xTuner.csproj", "{CCD81390-0CBA-4885-84E5-4D3D92365D0D}"
EndProject
Global
	GlobalSection(SolutionConfigurationPlatforms) = preSolution
		Debug|Any CPU = Debug|Any CPU
		Release|Any CPU = Release|Any CPU
	EndGlobalSection
	GlobalSection(ProjectConfigurationPlatforms) = postSolution
		{CCD81390-0CBA-4885-84E5-4D3D92365D0D}.Debug|Any CPU.ActiveCfg = Debug|Any CPU
		{CCD81390-0CBA-4885-84E5-4D3D92365D0D}.Debug|Any CPU.Build.0 = Debug|Any CPU
		{CCD81390-0CBA-4885-84E5-4D3D92365D0D}.Release|Any CPU.ActiveCfg = Release|Any CPU
		{CCD81390-0CBA-4885-84E5-4D3D92365D0D}.Release|Any CPU.Build.0 = Release|Any CPU
	EndGlobalSection
	GlobalSection(SolutionProperties) = preSolution
		HideSolutionNode = FALSE
	EndGlobalSection
	GlobalSection(ExtensibilityGlobals) = postSolution
		SolutionGuid = {4DC78D93-AA89-4E99-904E-E051223B4CE4}
	EndGlobalSection
EndGlobal
